
Microsoft Visual Studio Solution File, Format Version 12.00
# Visual Studio 15
VisualStudioVersion = 15.0.27703.2042
MinimumVisualStudioVersion = 10.0.40219.1
Project("{FAE04EC0-301F-11D3-BF4B-00C04F79EFBC}") = "Ur", "Ur\Ur.csproj", "{71352218-91C4-490E-A650-AB17C48D0300}"
EndProject
Global
	GlobalSection(SolutionConfigurationPlatforms) = preSolution
		Debug|Any CPU = Debug|Any CPU
		Release|Any CPU = Release|Any CPU
	EndGlobalSection
	GlobalSection(ProjectConfigurationPlatforms) = postSolution
		{71352218-91C4-490E-A650-AB17C48D0300}.Debug|Any CPU.ActiveCfg = Debug|x64
		{71352218-91C4-490E-A650-AB17C48D0300}.Release|Any CPU.ActiveCfg = Release|x64
	EndGlobalSection
	GlobalSection(SolutionProperties) = preSolution
		HideSolutionNode = FALSE
	EndGlobalSection
	GlobalSection(ExtensibilityGlobals) = postSolution
		SolutionGuid = {AB4D7177-D2C0-4040-9901-F3011658F739}
	EndGlobalSection
EndGlobal
